
Microsoft Visual Studio Solution File, Format Version 12.00
# Visual Studio Version 17
VisualStudioVersion = 17.11.35312.102
MinimumVisualStudioVersion = 10.0.40219.1
Project("{FAE04EC0-301F-11D3-BF4B-00C04F79EFBC}") = "lab22.Async", "lab22.Async\lab22.Async.csproj", "{FF41F504-2533-46D4-A913-6D798D28729D}"
EndProject
Global
	GlobalSection(SolutionConfigurationPlatforms) = preSolution
		Debug|Any CPU = Debug|Any CPU
		Release|Any CPU = Release|Any CPU
	EndGlobalSection
	GlobalSection(ProjectConfigurationPlatforms) = postSolution
		{FF41F504-2533-46D4-A913-6D798D28729D}.Debug|Any CPU.ActiveCfg = Debug|Any CPU
		{FF41F504-2533-46D4-A913-6D798D28729D}.Debug|Any CPU.Build.0 = Debug|Any CPU
		{FF41F504-2533-46D4-A913-6D798D28729D}.Release|Any CPU.ActiveCfg = Release|Any CPU
		{FF41F504-2533-46D4-A913-6D798D28729D}.Release|Any CPU.Build.0 = Release|Any CPU
	EndGlobalSection
	GlobalSection(SolutionProperties) = preSolution
		HideSolutionNode = FALSE
	EndGlobalSection
	GlobalSection(ExtensibilityGlobals) = postSolution
		SolutionGuid = {443B0AF9-FE80-4DE4-A3B5-06BA7E44945E}
	EndGlobalSection
EndGlobal
