
Microsoft Visual Studio Solution File, Format Version 12.00
# Visual Studio Version 17
VisualStudioVersion = 17.11.35312.102
MinimumVisualStudioVersion = 10.0.40219.1
Project("{FAE04EC0-301F-11D3-BF4B-00C04F79EFBC}") = "lab21.TPL", "lab21.TPL\lab21.TPL.csproj", "{C6282F9B-B3B0-4A68-81B1-911CB03E9669}"
EndProject
Global
	GlobalSection(SolutionConfigurationPlatforms) = preSolution
		Debug|Any CPU = Debug|Any CPU
		Release|Any CPU = Release|Any CPU
	EndGlobalSection
	GlobalSection(ProjectConfigurationPlatforms) = postSolution
		{C6282F9B-B3B0-4A68-81B1-911CB03E9669}.Debug|Any CPU.ActiveCfg = Debug|Any CPU
		{C6282F9B-B3B0-4A68-81B1-911CB03E9669}.Debug|Any CPU.Build.0 = Debug|Any CPU
		{C6282F9B-B3B0-4A68-81B1-911CB03E9669}.Release|Any CPU.ActiveCfg = Release|Any CPU
		{C6282F9B-B3B0-4A68-81B1-911CB03E9669}.Release|Any CPU.Build.0 = Release|Any CPU
	EndGlobalSection
	GlobalSection(SolutionProperties) = preSolution
		HideSolutionNode = FALSE
	EndGlobalSection
	GlobalSection(ExtensibilityGlobals) = postSolution
		SolutionGuid = {C1B383FE-4DA3-43AB-9B49-43848089E6EC}
	EndGlobalSection
EndGlobal
